
Microsoft Visual Studio Solution File, Format Version 12.00
# Visual Studio 15
VisualStudioVersion = 15.0.27428.2037
MinimumVisualStudioVersion = 10.0.40219.1
Project("{9A19103F-16F7-4668-BE54-9A1E7A4F7556}") = "HospitalApp", "CustomIdentityApp\HospitalApp.csproj", "{1F69CDAA-3A47-4166-AF0C-E0552043F50B}"
EndProject
Global
	GlobalSection(SolutionConfigurationPlatforms) = preSolution
		Debug|Any CPU = Debug|Any CPU
		Release|Any CPU = Release|Any CPU
	EndGlobalSection
	GlobalSection(ProjectConfigurationPlatforms) = postSolution
		{1F69CDAA-3A47-4166-AF0C-E0552043F50B}.Debug|Any CPU.ActiveCfg = Debug|Any CPU
		{1F69CDAA-3A47-4166-AF0C-E0552043F50B}.Debug|Any CPU.Build.0 = Debug|Any CPU
		{1F69CDAA-3A47-4166-AF0C-E0552043F50B}.Release|Any CPU.ActiveCfg = Release|Any CPU
		{1F69CDAA-3A47-4166-AF0C-E0552043F50B}.Release|Any CPU.Build.0 = Release|Any CPU
	EndGlobalSection
	GlobalSection(SolutionProperties) = preSolution
		HideSolutionNode = FALSE
	EndGlobalSection
	GlobalSection(ExtensibilityGlobals) = postSolution
		SolutionGuid = {DFFFC9B7-2556-4047-A633-F3E59E08DC3E}
	EndGlobalSection
EndGlobal
